// !$*UTF8*$!
{
	archiveVersion = 1;
	classes = {
	};
	objectVersion = 55;
	objects = {

/* Begin PBXBuildFile section */
		FCA8FE7F278AC3EE004CFBEB /* AppDelegate.swift in Sources */ = {isa = PBXBuildFile; fileRef = FCA8FE7E278AC3EE004CFBEB /* AppDelegate.swift */; };
		FCA8FE81278AC3EE004CFBEB /* SceneDelegate.swift in Sources */ = {isa = PBXBuildFile; fileRef = FCA8FE80278AC3EE004CFBEB /* SceneDelegate.swift */; };
		FCA8FE83278AC3EE004CFBEB /* ViewController.swift in Sources */ = {isa = PBXBuildFile; fileRef = FCA8FE82278AC3EE004CFBEB /* ViewController.swift */; };
		FCA8FE86278AC3EE004CFBEB /* Main.storyboard in Resources */ = {isa = PBXBuildFile; fileRef = FCA8FE84278AC3EE004CFBEB /* Main.storyboard */; };
		FCA8FE88278AC3F0004CFBEB /* Assets.xcassets in Resources */ = {isa = PBXBuildFile; fileRef = FCA8FE87278AC3EF004CFBEB /* Assets.xcassets */; };
		FCA8FE8B278AC3F0004CFBEB /* LaunchScreen.storyboard in Resources */ = {isa = PBXBuildFile; fileRef = FCA8FE89278AC3F0004CFBEB /* LaunchScreen.storyboard */; };
		FCA8FE96278AC3F0004CFBEB /* preworkTests.swift in Sources */ = {isa = PBXBuildFile; fileRef = FCA8FE95278AC3F0004CFBEB /* preworkTests.swift */; };
		FCA8FEA0278AC3F0004CFBEB /* preworkUITests.swift in Sources */ = {isa = PBXBuildFile; fileRef = FCA8FE9F278AC3F0004CFBEB /* preworkUITests.swift */; };
		FCA8FEA2278AC3F0004CFBEB /* preworkUITestsLaunchTests.swift in Sources */ = {isa = PBXBuildFile; fileRef = FCA8FEA1278AC3F0004CFBEB /* preworkUITestsLaunchTests.swift */; };
/* End PBXBuildFile section */

/* Begin PBXContainerItemProxy section */
		FCA8FE92278AC3F0004CFBEB /* PBXContainerItemProxy */ = {
			isa = PBXContainerItemProxy;
			containerPortal = FCA8FE73278AC3EE004CFBEB /* Project object */;
			proxyType = 1;
			remoteGlobalIDString = FCA8FE7A278AC3EE004CFBEB;
			remoteInfo = prework;
		};
		FCA8FE9C278AC3F0004CFBEB /* PBXContainerItemProxy */ = {
			isa = PBXContainerItemProxy;
			containerPortal = FCA8FE73278AC3EE004CFBEB /* Project object */;
			proxyType = 1;
			remoteGlobalIDString = FCA8FE7A278AC3EE004CFBEB;
			remoteInfo = prework;
		};
/* End PBXContainerItemProxy section */

/* Begin PBXFileReference section */
		FCA8FE7B278AC3EE004CFBEB /* prework.app */ = {isa = PBXFileReference; explicitFileType = wrapper.application; includeInIndex = 0; path = prework.app; sourceTree = BUILT_PRODUCTS_DIR; };
		FCA8FE7E278AC3EE004CFBEB /* AppDelegate.swift */ = {isa = PBXFileReference; lastKnownFileType = sourcecode.swift; path = AppDelegate.swift; sourceTree = "<group>"; };
		FCA8FE80278AC3EE004CFBEB /* SceneDelegate.swift */ = {isa = PBXFileReference; lastKnownFileType = sourcecode.swift; path = SceneDelegate.swift; sourceTree = "<group>"; };
		FCA8FE82278AC3EE004CFBEB /* ViewController.swift */ = {isa = PBXFileReference; lastKnownFileType = sourcecode.swift; path = ViewController.swift; sourceTree = "<group>"; };
		FCA8FE85278AC3EE004CFBEB /* Base */ = {isa = PBXFileReference; lastKnownFileType = file.storyboard; name = Base; path = Base.lproj/Main.storyboard; sourceTree = "<group>"; };
		FCA8FE87278AC3EF004CFBEB /* Assets.xcassets */ = {isa = PBXFileReference; lastKnownFileType = folder.assetcatalog; path = Assets.xcassets; sourceTree = "<group>"; };
		FCA8FE8A278AC3F0004CFBEB /* Base */ = {isa = PBXFileReference; lastKnownFileType = file.storyboard; name = Base; path = Base.lproj/LaunchScreen.storyboard; sourceTree = "<group>"; };
		FCA8FE8C278AC3F0004CFBEB /* Info.plist */ = {isa = PBXFileReference; lastKnownFileType = text.plist.xml; path = Info.plist; sourceTree = "<group>"; };
		FCA8FE91278AC3F0004CFBEB /* preworkTests.xctest */ = {isa = PBXFileReference; explicitFileType = wrapper.cfbundle; includeInIndex = 0; path = preworkTests.xctest; sourceTree = BUILT_PRODUCTS_DIR; };
		FCA8FE95278AC3F0004CFBEB /* preworkTests.swift */ = {isa = PBXFileReference; lastKnownFileType = sourcecode.swift; path = preworkTests.swift; sourceTree = "<group>"; };
		FCA8FE9B278AC3F0004CFBEB /* preworkUITests.xctest */ = {isa = PBXFileReference; explicitFileType = wrapper.cfbundle; includeInIndex = 0; path = preworkUITests.xctest; sourceTree = BUILT_PRODUCTS_DIR; };
		FCA8FE9F278AC3F0004CFBEB /* preworkUITests.swift */ = {isa = PBXFileReference; lastKnownFileType = sourcecode.swift; path = preworkUITests.swift; sourceTree = "<group>"; };
		FCA8FEA1278AC3F0004CFBEB /* preworkUITestsLaunchTests.swift */ = {isa = PBXFileReference; lastKnownFileType = sourcecode.swift; path = preworkUITestsLaunchTests.swift; sourceTree = "<group>"; };
/* End PBXFileReference section */

/* Begin PBXFrameworksBuildPhase section */
		FCA8FE78278AC3EE004CFBEB /* Frameworks */ = {
			isa = PBXFrameworksBuildPhase;
			buildActionMask = 2147483647;
			files = (
			);
			runOnlyForDeploymentPostprocessing = 0;
		};
		FCA8FE8E278AC3F0004CFBEB /* Frameworks */ = {
			isa = PBXFrameworksBuildPhase;
			buildActionMask = 2147483647;
			files = (
			);
			runOnlyForDeploymentPostprocessing = 0;
		};
		FCA8FE98278AC3F0004CFBEB /* Frameworks */ = {
			isa = PBXFrameworksBuildPhase;
			buildActionMask = 2147483647;
			files = (
			);
			runOnlyForDeploymentPostprocessing = 0;
		};
/* End PBXFrameworksBuildPhase section */

/* Begin PBXGroup section */
		FCA8FE72278AC3EE004CFBEB = {
			isa = PBXGroup;
			children = (
				FCA8FE7D278AC3EE004CFBEB /* prework */,
				FCA8FE94278AC3F0004CFBEB /* preworkTests */,
				FCA8FE9E278AC3F0004CFBEB /* preworkUITests */,
				FCA8FE7C278AC3EE004CFBEB /* Products */,
			);
			sourceTree = "<group>";
		};
		FCA8FE7C278AC3EE004CFBEB /* Products */ = {
			isa = PBXGroup;
			children = (
				FCA8FE7B278AC3EE004CFBEB /* prework.app */,
				FCA8FE91278AC3F0004CFBEB /* preworkTests.xctest */,
				FCA8FE9B278AC3F0004CFBEB /* preworkUITests.xctest */,
			);
			name = Products;
			sourceTree = "<group>";
		};
		FCA8FE7D278AC3EE004CFBEB /* prework */ = {
			isa = PBXGroup;
			children = (
				FCA8FE7E278AC3EE004CFBEB /* AppDelegate.swift */,
				FCA8FE80278AC3EE004CFBEB /* SceneDelegate.swift */,
				FCA8FE82278AC3EE004CFBEB /* ViewController.swift */,
				FCA8FE84278AC3EE004CFBEB /* Main.storyboard */,
				FCA8FE87278AC3EF004CFBEB /* Assets.xcassets */,
				FCA8FE89278AC3F0004CFBEB /* LaunchScreen.storyboard */,
				FCA8FE8C278AC3F0004CFBEB /* Info.plist */,
			);
			path = prework;
			sourceTree = "<group>";
		};
		FCA8FE94278AC3F0004CFBEB /* preworkTests */ = {
			isa = PBXGroup;
			children = (
				FCA8FE95278AC3F0004CFBEB /* preworkTests.swift */,
			);
			path = preworkTests;
			sourceTree = "<group>";
		};
		FCA8FE9E278AC3F0004CFBEB /* preworkUITests */ = {
			isa = PBXGroup;
			children = (
				FCA8FE9F278AC3F0004CFBEB /* preworkUITests.swift */,
				FCA8FEA1278AC3F0004CFBEB /* preworkUITestsLaunchTests.swift */,
			);
			path = preworkUITests;
			sourceTree = "<group>";
		};
/* End PBXGroup section */

/* Begin PBXNativeTarget section */
		FCA8FE7A278AC3EE004CFBEB /* prework */ = {
			isa = PBXNativeTarget;
			buildConfigurationList = FCA8FEA5278AC3F0004CFBEB /* Build configuration list for PBXNativeTarget "prework" */;
			buildPhases = (
				FCA8FE77278AC3EE004CFBEB /* Sources */,
				FCA8FE78278AC3EE004CFBEB /* Frameworks */,
				FCA8FE79278AC3EE004CFBEB /* Resources */,
			);
			buildRules = (
			);
			dependencies = (
			);
			name = prework;
			productName = prework;
			productReference = FCA8FE7B278AC3EE004CFBEB /* prework.app */;
			productType = "com.apple.product-type.application";
		};
		FCA8FE90278AC3F0004CFBEB /* preworkTests */ = {
			isa = PBXNativeTarget;
			buildConfigurationList = FCA8FEA8278AC3F0004CFBEB /* Build configuration list for PBXNativeTarget "preworkTests" */;
			buildPhases = (
				FCA8FE8D278AC3F0004CFBEB /* Sources */,
				FCA8FE8E278AC3F0004CFBEB /* Frameworks */,
				FCA8FE8F278AC3F0004CFBEB /* Resources */,
			);
			buildRules = (
			);
			dependencies = (
				FCA8FE93278AC3F0004CFBEB /* PBXTargetDependency */,
			);
			name = preworkTests;
			productName = preworkTests;
			productReference = FCA8FE91278AC3F0004CFBEB /* preworkTests.xctest */;
			productType = "com.apple.product-type.bundle.unit-test";
		};
		FCA8FE9A278AC3F0004CFBEB /* preworkUITests */ = {
			isa = PBXNativeTarget;
			buildConfigurationList = FCA8FEAB278AC3F0004CFBEB /* Build configuration list for PBXNativeTarget "preworkUITests" */;
			buildPhases = (
				FCA8FE97278AC3F0004CFBEB /* Sources */,
				FCA8FE98278AC3F0004CFBEB /* Frameworks */,
				FCA8FE99278AC3F0004CFBEB /* Resources */,
			);
			buildRules = (
			);
			dependencies = (
				FCA8FE9D278AC3F0004CFBEB /* PBXTargetDependency */,
			);
			name = preworkUITests;
			productName = preworkUITests;
			productReference = FCA8FE9B278AC3F0004CFBEB /* preworkUITests.xctest */;
			productType = "com.apple.product-type.bundle.ui-testing";
		};
/* End PBXNativeTarget section */

/* Begin PBXProject section */
		FCA8FE73278AC3EE004CFBEB /* Project object */ = {
			isa = PBXProject;
			attributes = {
				BuildIndependentTargetsInParallel = 1;
				LastSwiftUpdateCheck = 1320;
				LastUpgradeCheck = 1320;
				TargetAttributes = {
					FCA8FE7A278AC3EE004CFBEB = {
						CreatedOnToolsVersion = 13.2.1;
					};
					FCA8FE90278AC3F0004CFBEB = {
						CreatedOnToolsVersion = 13.2.1;
						TestTargetID = FCA8FE7A278AC3EE004CFBEB;
					};
					FCA8FE9A278AC3F0004CFBEB = {
						CreatedOnToolsVersion = 13.2.1;
						TestTargetID = FCA8FE7A278AC3EE004CFBEB;
					};
				};
			};
			buildConfigurationList = FCA8FE76278AC3EE004CFBEB /* Build configuration list for PBXProject "prework" */;
			compatibilityVersion = "Xcode 13.0";
			developmentRegion = en;
			hasScannedForEncodings = 0;
			knownRegions = (
				en,
				Base,
			);
			mainGroup = FCA8FE72278AC3EE004CFBEB;
			productRefGroup = FCA8FE7C278AC3EE004CFBEB /* Products */;
			projectDirPath = "";
			projectRoot = "";
			targets = (
				FCA8FE7A278AC3EE004CFBEB /* prework */,
				FCA8FE90278AC3F0004CFBEB /* preworkTests */,
				FCA8FE9A278AC3F0004CFBEB /* preworkUITests */,
			);
		};
/* End PBXProject section */

/* Begin PBXResourcesBuildPhase section */
		FCA8FE79278AC3EE004CFBEB /* Resources */ = {
			isa = PBXResourcesBuildPhase;
			buildActionMask = 2147483647;
			files = (
				FCA8FE8B278AC3F0004CFBEB /* LaunchScreen.storyboard in Resources */,
				FCA8FE88278AC3F0004CFBEB /* Assets.xcassets in Resources */,
				FCA8FE86278AC3EE004CFBEB /* Main.storyboard in Resources */,
			);
			runOnlyForDeploymentPostprocessing = 0;
		};
		FCA8FE8F278AC3F0004CFBEB /* Resources */ = {
			isa = PBXResourcesBuildPhase;
			buildActionMask = 2147483647;
			files = (
			);
			runOnlyForDeploymentPostprocessing = 0;
		};
		FCA8FE99278AC3F0004CFBEB /* Resources */ = {
			isa = PBXResourcesBuildPhase;
			buildActionMask = 2147483647;
			files = (
			);
			runOnlyForDeploymentPostprocessing = 0;
		};
/* End PBXResourcesBuildPhase section */

/* Begin PBXSourcesBuildPhase section */
		FCA8FE77278AC3EE004CFBEB /* Sources */ = {
			isa = PBXSourcesBuildPhase;
			buildActionMask = 2147483647;
			files = (
				FCA8FE83278AC3EE004CFBEB /* ViewController.swift in Sources */,
				FCA8FE7F278AC3EE004CFBEB /* AppDelegate.swift in Sources */,
				FCA8FE81278AC3EE004CFBEB /* SceneDelegate.swift in Sources */,
			);
			runOnlyForDeploymentPostprocessing = 0;
		};
		FCA8FE8D278AC3F0004CFBEB /* Sources */ = {
			isa = PBXSourcesBuildPhase;
			buildActionMask = 2147483647;
			files = (
				FCA8FE96278AC3F0004CFBEB /* preworkTests.swift in Sources */,
			);
			runOnlyForDeploymentPostprocessing = 0;
		};
		FCA8FE97278AC3F0004CFBEB /* Sources */ = {
			isa = PBXSourcesBuildPhase;
			buildActionMask = 2147483647;
			files = (
				FCA8FEA0278AC3F0004CFBEB /* preworkUITests.swift in Sources */,
				FCA8FEA2278AC3F0004CFBEB /* preworkUITestsLaunchTests.swift in Sources */,
			);
			runOnlyForDeploymentPostprocessing = 0;
		};
/* End PBXSourcesBuildPhase section */

/* Begin PBXTargetDependency section */
		FCA8FE93278AC3F0004CFBEB /* PBXTargetDependency */ = {
			isa = PBXTargetDependency;
			target = FCA8FE7A278AC3EE004CFBEB /* prework */;
			targetProxy = FCA8FE92278AC3F0004CFBEB /* PBXContainerItemProxy */;
		};
		FCA8FE9D278AC3F0004CFBEB /* PBXTargetDependency */ = {
			isa = PBXTargetDependency;
			target = FCA8FE7A278AC3EE004CFBEB /* prework */;
			targetProxy = FCA8FE9C278AC3F0004CFBEB /* PBXContainerItemProxy */;
		};
/* End PBXTargetDependency section */

/* Begin PBXVariantGroup section */
		FCA8FE84278AC3EE004CFBEB /* Main.storyboard */ = {
			isa = PBXVariantGroup;
			children = (
				FCA8FE85278AC3EE004CFBEB /* Base */,
			);
			name = Main.storyboard;
			sourceTree = "<group>";
		};
		FCA8FE89278AC3F0004CFBEB /* LaunchScreen.storyboard */ = {
			isa = PBXVariantGroup;
			children = (
				FCA8FE8A278AC3F0004CFBEB /* Base */,
			);
			name = LaunchScreen.storyboard;
			sourceTree = "<group>";
		};
/* End PBXVariantGroup section */

/* Begin XCBuildConfiguration section */
		FCA8FEA3278AC3F0004CFBEB /* Debug */ = {
			isa = XCBuildConfiguration;
			buildSettings = {
				ALWAYS_SEARCH_USER_PATHS = NO;
				CLANG_ANALYZER_NONNULL = YES;
				CLANG_ANALYZER_NUMBER_OBJECT_CONVERSION = YES_AGGRESSIVE;
				CLANG_CXX_LANGUAGE_STANDARD = "gnu++17";
				CLANG_CXX_LIBRARY = "libc++";
				CLANG_ENABLE_MODULES = YES;
				CLANG_ENABLE_OBJC_ARC = YES;
				CLANG_ENABLE_OBJC_WEAK = YES;
				CLANG_WARN_BLOCK_CAPTURE_AUTORELEASING = YES;
				CLANG_WARN_BOOL_CONVERSION = YES;
				CLANG_WARN_COMMA = YES;
				CLANG_WARN_CONSTANT_CONVERSION = YES;
				CLANG_WARN_DEPRECATED_OBJC_IMPLEMENTATIONS = YES;
				CLANG_WARN_DIRECT_OBJC_ISA_USAGE = YES_ERROR;
				CLANG_WARN_DOCUMENTATION_COMMENTS = YES;
				CLANG_WARN_EMPTY_BODY = YES;
				CLANG_WARN_ENUM_CONVERSION = YES;
				CLANG_WARN_INFINITE_RECURSION = YES;
				CLANG_WARN_INT_CONVERSION = YES;
				CLANG_WARN_NON_LITERAL_NULL_CONVERSION = YES;
				CLANG_WARN_OBJC_IMPLICIT_RETAIN_SELF = YES;
				CLANG_WARN_OBJC_LITERAL_CONVERSION = YES;
				CLANG_WARN_OBJC_ROOT_CLASS = YES_ERROR;
				CLANG_WARN_QUOTED_INCLUDE_IN_FRAMEWORK_HEADER = YES;
				CLANG_WARN_RANGE_LOOP_ANALYSIS = YES;
				CLANG_WARN_STRICT_PROTOTYPES = YES;
				CLANG_WARN_SUSPICIOUS_MOVE = YES;
				CLANG_WARN_UNGUARDED_AVAILABILITY = YES_AGGRESSIVE;
				CLANG_WARN_UNREACHABLE_CODE = YES;
				CLANG_WARN__DUPLICATE_METHOD_MATCH = YES;
				COPY_PHASE_STRIP = NO;
				DEBUG_INFORMATION_FORMAT = dwarf;
				ENABLE_STRICT_OBJC_MSGSEND = YES;
				ENABLE_TESTABILITY = YES;
				GCC_C_LANGUAGE_STANDARD = gnu11;
				GCC_DYNAMIC_NO_PIC = NO;
				GCC_NO_COMMON_BLOCKS = YES;
				GCC_OPTIMIZATION_LEVEL = 0;
				GCC_PREPROCESSOR_DEFINITIONS = (
					"DEBUG=1",
					"$(inherited)",
				);
				GCC_WARN_64_TO_32_BIT_CONVERSION = YES;
				GCC_WARN_ABOUT_RETURN_TYPE = YES_ERROR;
				GCC_WARN_UNDECLARED_SELECTOR = YES;
				GCC_WARN_UNINITIALIZED_AUTOS = YES_AGGRESSIVE;
				GCC_WARN_UNUSED_FUNCTION = YES;
				GCC_WARN_UNUSED_VARIABLE = YES;
				IPHONEOS_DEPLOYMENT_TARGET = 15.2;
				MTL_ENABLE_DEBUG_INFO = INCLUDE_SOURCE;
				MTL_FAST_MATH = YES;
				ONLY_ACTIVE_ARCH = YES;
				SDKROOT = iphoneos;
				SWIFT_ACTIVE_COMPILATION_CONDITIONS = DEBUG;
				SWIFT_OPTIMIZATION_LEVEL = "-Onone";
			};
			name = Debug;
		};
		FCA8FEA4278AC3F0004CFBEB /* Release */ = {
			isa = XCBuildConfiguration;
			buildSettings = {
				ALWAYS_SEARCH_USER_PATHS = NO;
				CLANG_ANALYZER_NONNULL = YES;
				CLANG_ANALYZER_NUMBER_OBJECT_CONVERSION = YES_AGGRESSIVE;
				CLANG_CXX_LANGUAGE_STANDARD = "gnu++17";
				CLANG_CXX_LIBRARY = "libc++";
				CLANG_ENABLE_MODULES = YES;
				CLANG_ENABLE_OBJC_ARC = YES;
				CLANG_ENABLE_OBJC_WEAK = YES;
				CLANG_WARN_BLOCK_CAPTURE_AUTORELEASING = YES;
				CLANG_WARN_BOOL_CONVERSION = YES;
				CLANG_WARN_COMMA = YES;
				CLANG_WARN_CONSTANT_CONVERSION = YES;
				CLANG_WARN_DEPRECATED_OBJC_IMPLEMENTATIONS = YES;
				CLANG_WARN_DIRECT_OBJC_ISA_USAGE = YES_ERROR;
				CLANG_WARN_DOCUMENTATION_COMMENTS = YES;
				CLANG_WARN_EMPTY_BODY = YES;
				CLANG_WARN_ENUM_CONVERSION = YES;
				CLANG_WARN_INFINITE_RECURSION = YES;
				CLANG_WARN_INT_CONVERSION = YES;
				CLANG_WARN_NON_LITERAL_NULL_CONVERSION = YES;
				CLANG_WARN_OBJC_IMPLICIT_RETAIN_SELF = YES;
				CLANG_WARN_OBJC_LITERAL_CONVERSION = YES;
				CLANG_WARN_OBJC_ROOT_CLASS = YES_ERROR;
				CLANG_WARN_QUOTED_INCLUDE_IN_FRAMEWORK_HEADER = YES;
				CLANG_WARN_RANGE_LOOP_ANALYSIS = YES;
				CLANG_WARN_STRICT_PROTOTYPES = YES;
				CLANG_WARN_SUSPICIOUS_MOVE = YES;
				CLANG_WARN_UNGUARDED_AVAILABILITY = YES_AGGRESSIVE;
				CLANG_WARN_UNREACHABLE_CODE = YES;
				CLANG_WARN__DUPLICATE_METHOD_MATCH = YES;
				COPY_PHASE_STRIP = NO;
				DEBUG_INFORMATION_FORMAT = "dwarf-with-dsym";
				ENABLE_NS_ASSERTIONS = NO;
				ENABLE_STRICT_OBJC_MSGSEND = YES;
				GCC_C_LANGUAGE_STANDARD = gnu11;
				GCC_NO_COMMON_BLOCKS = YES;
				GCC_WARN_64_TO_32_BIT_CONVERSION = YES;
				GCC_WARN_ABOUT_RETURN_TYPE = YES_ERROR;
				GCC_WARN_UNDECLARED_SELECTOR = YES;
				GCC_WARN_UNINITIALIZED_AUTOS = YES_AGGRESSIVE;
				GCC_WARN_UNUSED_FUNCTION = YES;
				GCC_WARN_UNUSED_VARIABLE = YES;
				IPHONEOS_DEPLOYMENT_TARGET = 15.2;
				MTL_ENABLE_DEBUG_INFO = NO;
				MTL_FAST_MATH = YES;
				SDKROOT = iphoneos;
				SWIFT_COMPILATION_MODE = wholemodule;
				SWIFT_OPTIMIZATION_LEVEL = "-O";
				VALIDATE_PRODUCT = YES;
			};
			name = Release;
		};
		FCA8FEA6278AC3F0004CFBEB /* Debug */ = {
			isa = XCBuildConfiguration;
			buildSettings = {
				ASSETCATALOG_COMPILER_APPICON_NAME = AppIcon;
				ASSETCATALOG_COMPILER_GLOBAL_ACCENT_COLOR_NAME = AccentColor;
				CODE_SIGN_STYLE = Automatic;
				CURRENT_PROJECT_VERSION = 1;
				GENERATE_INFOPLIST_FILE = YES;
				INFOPLIST_FILE = prework/Info.plist;
				INFOPLIST_KEY_UIApplicationSupportsIndirectInputEvents = YES;
				INFOPLIST_KEY_UILaunchStoryboardName = LaunchScreen;
				INFOPLIST_KEY_UIMainStoryboardFile = Main;
				INFOPLIST_KEY_UISupportedInterfaceOrientations_iPad = "UIInterfaceOrientationPortrait UIInterfaceOrientationPortraitUpsideDown UIInterfaceOrientationLandscapeLeft UIInterfaceOrientationLandscapeRight";
				INFOPLIST_KEY_UISupportedInterfaceOrientations_iPhone = "UIInterfaceOrientationPortrait UIInterfaceOrientationLandscapeLeft UIInterfaceOrientationLandscapeRight";
				LD_RUNPATH_SEARCH_PATHS = (
					"$(inherited)",
					"@executable_path/Frameworks",
				);
				MARKETING_VERSION = 1.0;
				PRODUCT_BUNDLE_IDENTIFIER = memo.com.prework;
				PRODUCT_NAME = "$(TARGET_NAME)";
				SWIFT_EMIT_LOC_STRINGS = YES;
				SWIFT_VERSION = 5.0;
				TARGETED_DEVICE_FAMILY = "1,2";
			};
			name = Debug;
		};
		FCA8FEA7278AC3F0004CFBEB /* Release */ = {
			isa = XCBuildConfiguration;
			buildSettings = {
				ASSETCATALOG_COMPILER_APPICON_NAME = AppIcon;
				ASSETCATALOG_COMPILER_GLOBAL_ACCENT_COLOR_NAME = AccentColor;
				CODE_SIGN_STYLE = Automatic;
				CURRENT_PROJECT_VERSION = 1;
				GENERATE_INFOPLIST_FILE = YES;
				INFOPLIST_FILE = prework/Info.plist;
				INFOPLIST_KEY_UIApplicationSupportsIndirectInputEvents = YES;
				INFOPLIST_KEY_UILaunchStoryboardName = LaunchScreen;
				INFOPLIST_KEY_UIMainStoryboardFile = Main;
				INFOPLIST_KEY_UISupportedInterfaceOrientations_iPad = "UIInterfaceOrientationPortrait UIInterfaceOrientationPortraitUpsideDown UIInterfaceOrientationLandscapeLeft UIInterfaceOrientationLandscapeRight";
				INFOPLIST_KEY_UISupportedInterfaceOrientations_iPhone = "UIInterfaceOrientationPortrait UIInterfaceOrientationLandscapeLeft UIInterfaceOrientationLandscapeRight";
				LD_RUNPATH_SEARCH_PATHS = (
					"$(inherited)",
					"@executable_path/Frameworks",
				);
				MARKETING_VERSION = 1.0;
				PRODUCT_BUNDLE_IDENTIFIER = memo.com.prework;
				PRODUCT_NAME = "$(TARGET_NAME)";
				SWIFT_EMIT_LOC_STRINGS = YES;
				SWIFT_VERSION = 5.0;
				TARGETED_DEVICE_FAMILY = "1,2";
			};
			name = Release;
		};
		FCA8FEA9278AC3F0004CFBEB /* Debug */ = {
			isa = XCBuildConfiguration;
			buildSettings = {
				ALWAYS_EMBED_SWIFT_STANDARD_LIBRARIES = YES;
				BUNDLE_LOADER = "$(TEST_HOST)";
				CODE_SIGN_STYLE = Automatic;
				CURRENT_PROJECT_VERSION = 1;
				GENERATE_INFOPLIST_FILE = YES;
				IPHONEOS_DEPLOYMENT_TARGET = 15.2;
				MARKETING_VERSION = 1.0;
				PRODUCT_BUNDLE_IDENTIFIER = memo.com.preworkTests;
				PRODUCT_NAME = "$(TARGET_NAME)";
				SWIFT_EMIT_LOC_STRINGS = NO;
				SWIFT_VERSION = 5.0;
				TARGETED_DEVICE_FAMILY = "1,2";
				TEST_HOST = "$(BUILT_PRODUCTS_DIR)/prework.app/prework";
			};
			name = Debug;
		};
		FCA8FEAA278AC3F0004CFBEB /* Release */ = {
			isa = XCBuildConfiguration;
			buildSettings = {
				ALWAYS_EMBED_SWIFT_STANDARD_LIBRARIES = YES;
				BUNDLE_LOADER = "$(TEST_HOST)";
				CODE_SIGN_STYLE = Automatic;
				CURRENT_PROJECT_VERSION = 1;
				GENERATE_INFOPLIST_FILE = YES;
				IPHONEOS_DEPLOYMENT_TARGET = 15.2;
				MARKETING_VERSION = 1.0;
				PRODUCT_BUNDLE_IDENTIFIER = memo.com.preworkTests;
				PRODUCT_NAME = "$(TARGET_NAME)";
				SWIFT_EMIT_LOC_STRINGS = NO;
				SWIFT_VERSION = 5.0;
				TARGETED_DEVICE_FAMILY = "1,2";
				TEST_HOST = "$(BUILT_PRODUCTS_DIR)/prework.app/prework";
			};
			name = Release;
		};
		FCA8FEAC278AC3F0004CFBEB /* Debug */ = {
			isa = XCBuildConfiguration;
			buildSettings = {
				ALWAYS_EMBED_SWIFT_STANDARD_LIBRARIES = YES;
				CODE_SIGN_STYLE = Automatic;
				CURRENT_PROJECT_VERSION = 1;
				GENERATE_INFOPLIST_FILE = YES;
				MARKETING_VERSION = 1.0;
				PRODUCT_BUNDLE_IDENTIFIER = memo.com.preworkUITests;
				PRODUCT_NAME = "$(TARGET_NAME)";
				SWIFT_EMIT_LOC_STRINGS = NO;
				SWIFT_VERSION = 5.0;
				TARGETED_DEVICE_FAMILY = "1,2";
				TEST_TARGET_NAME = prework;
			};
			name = Debug;
		};
		FCA8FEAD278AC3F0004CFBEB /* Release */ = {
			isa = XCBuildConfiguration;
			buildSettings = {
				ALWAYS_EMBED_SWIFT_STANDARD_LIBRARIES = YES;
				CODE_SIGN_STYLE = Automatic;
				CURRENT_PROJECT_VERSION = 1;
				GENERATE_INFOPLIST_FILE = YES;
				MARKETING_VERSION = 1.0;
				PRODUCT_BUNDLE_IDENTIFIER = memo.com.preworkUITests;
				PRODUCT_NAME = "$(TARGET_NAME)";
				SWIFT_EMIT_LOC_STRINGS = NO;
				SWIFT_VERSION = 5.0;
				TARGETED_DEVICE_FAMILY = "1,2";
				TEST_TARGET_NAME = prework;
			};
			name = Release;
		};
/* End XCBuildConfiguration section */

/* Begin XCConfigurationList section */
		FCA8FE76278AC3EE004CFBEB /* Build configuration list for PBXProject "prework" */ = {
			isa = XCConfigurationList;
			buildConfigurations = (
				FCA8FEA3278AC3F0004CFBEB /* Debug */,
				FCA8FEA4278AC3F0004CFBEB /* Release */,
			);
			defaultConfigurationIsVisible = 0;
			defaultConfigurationName = Release;
		};
		FCA8FEA5278AC3F0004CFBEB /* Build configuration list for PBXNativeTarget "prework" */ = {
			isa = XCConfigurationList;
			buildConfigurations = (
				FCA8FEA6278AC3F0004CFBEB /* Debug */,
				FCA8FEA7278AC3F0004CFBEB /* Release */,
			);
			defaultConfigurationIsVisible = 0;
			defaultConfigurationName = Release;
		};
		FCA8FEA8278AC3F0004CFBEB /* Build configuration list for PBXNativeTarget "preworkTests" */ = {
			isa = XCConfigurationList;
			buildConfigurations = (
				FCA8FEA9278AC3F0004CFBEB /* Debug */,
				FCA8FEAA278AC3F0004CFBEB /* Release */,
			);
			defaultConfigurationIsVisible = 0;
			defaultConfigurationName = Release;
		};
		FCA8FEAB278AC3F0004CFBEB /* Build configuration list for PBXNativeTarget "preworkUITests" */ = {
			isa = XCConfigurationList;
			buildConfigurations = (
				FCA8FEAC278AC3F0004CFBEB /* Debug */,
				FCA8FEAD278AC3F0004CFBEB /* Release */,
			);
			defaultConfigurationIsVisible = 0;
			defaultConfigurationName = Release;
		};
/* End XCConfigurationList section */
	};
	rootObject = FCA8FE73278AC3EE004CFBEB /* Project object */;
}
